{
  "requires": true,
  "lockfileVersion": 1,
  "dependencies": {
    "@fortawesome/fontawesome": {
      "version": "1.1.3",
      "resolved": "https://registry.npmjs.org/@fortawesome/fontawesome/-/fontawesome-1.1.3.tgz",
      "integrity": "sha512-zSKSJsYpV8jHUJYni6YNLN7pOcTBXG4sNVX4vXL6IJsqlwosyZm/IftWNOwbr4tbw3O1MxeY05TzYfjVB3T+QQ==",
      "requires": {
        "@fortawesome/fontawesome-common-types": "0.1.2"
      }
    },
    "@fortawesome/fontawesome-common-types": {
      "version": "0.1.2",
      "resolved": "https://registry.npmjs.org/@fortawesome/fontawesome-common-types/-/fontawesome-common-types-0.1.2.tgz",
      "integrity": "sha512-l6pzAz8wVL7Z6CD/hYN7593xogzMFfX04dwyniqDswT8whGSopSG3UMOIx7xkBFbnXTdRgi4/2tbwFXyBy2WBw=="
    },
    "classnames": {
      "version": "2.2.5",
      "resolved": "https://registry.npmjs.org/classnames/-/classnames-2.2.5.tgz",
      "integrity": "sha1-+zgB1FNGdknvNgPH1hoCvRKb3m0="
    },
    "feather-icons": {
      "version": "4.5.0",
      "resolved": "https://registry.npmjs.org/feather-icons/-/feather-icons-4.5.0.tgz",
      "integrity": "sha512-0DmqGqjp0uANer1UDN+o51Uj8NwLUWyjXe65xqYusuthdHFXLN78v+b5YitEDDtiSwyy+weki4RC1793CkhdpQ==",
      "requires": {
        "classnames": "2.2.5"
      }
    }
  }
}
